
Microsoft Visual Studio Solution File, Format Version 12.00
# Visual Studio Version 17
VisualStudioVersion = 17.8.34330.188
MinimumVisualStudioVersion = 10.0.40219.1
Project("{9A19103F-16F7-4668-BE54-9A1E7A4F7556}") = "2024CSStudy", "2024CSStudy.csproj", "{2A529633-343D-43FF-BE59-22DA24AF47D2}"
EndProject
Project("{2150E333-8FDC-42A3-9474-1A3956D46DE8}") = "Class02", "Class02", "{486FE772-B235-4778-9E3E-DB0E776A00F9}"
EndProject
Project("{2150E333-8FDC-42A3-9474-1A3956D46DE8}") = "Class01", "Class01", "{61F12C64-C063-4619-A6B9-3DE59308B1BD}"
EndProject
Project("{9A19103F-16F7-4668-BE54-9A1E7A4F7556}") = "Class01", "..\Class01\Class01.csproj", "{F22E206C-80E7-4285-A3DA-CC7135884FFB}"
EndProject
Project("{2150E333-8FDC-42A3-9474-1A3956D46DE8}") = "Class03", "Class03", "{4C924B25-976B-46F6-87AC-A9DF6D40C80E}"
EndProject
Project("{9A19103F-16F7-4668-BE54-9A1E7A4F7556}") = "Class03", "..\Class03\Class03.csproj", "{1A7A85F7-A454-4567-AD2F-BDC6B3BE761D}"
EndProject
Project("{9A19103F-16F7-4668-BE54-9A1E7A4F7556}") = "Class04", "..\Class_04\Class04.csproj", "{58F49457-B6CA-4D14-8702-032B7136A51F}"
EndProject
Project("{9A19103F-16F7-4668-BE54-9A1E7A4F7556}") = "Class05", "..\Class05\Class05.csproj", "{E3DCF524-C8FE-40B3-86CF-6764E5A70B17}"
EndProject
Project("{9A19103F-16F7-4668-BE54-9A1E7A4F7556}") = "Class06", "..\Class06\Class06.csproj", "{DA7B8752-342D-4BF4-AB63-3EF631A7428E}"
EndProject
Project("{9A19103F-16F7-4668-BE54-9A1E7A4F7556}") = "Class07", "..\Class07\Class07.csproj", "{44A4ABB1-5C75-426B-BA3B-9EC9A3046B18}"
EndProject
Project("{9A19103F-16F7-4668-BE54-9A1E7A4F7556}") = "Class08", "..\Class08\Class08.csproj", "{EEF6CDE1-0FB9-4E23-9F8B-D98BE6EC4212}"
EndProject
Project("{9A19103F-16F7-4668-BE54-9A1E7A4F7556}") = "Class09", "..\Class09\Class09.csproj", "{C4B88A25-6FFD-4210-BDD6-5677230283BD}"
EndProject
Project("{9A19103F-16F7-4668-BE54-9A1E7A4F7556}") = "Class10", "..\Class10\Class10.csproj", "{2D86C88C-6D88-4F6E-8F37-DCA258E75A24}"
EndProject
Project("{9A19103F-16F7-4668-BE54-9A1E7A4F7556}") = "Class11", "..\Class11\Class11.csproj", "{1BBCAFB8-1742-4EE2-BF90-7BC61F77E4AC}"
EndProject
Project("{FAE04EC0-301F-11D3-BF4B-00C04F79EFBC}") = "Calculator", "..\Calculator\Calculator.csproj", "{71962B4A-6755-4042-9884-C7ED98469074}"
EndProject
Project("{9A19103F-16F7-4668-BE54-9A1E7A4F7556}") = "Class12", "..\Class12\Class12.csproj", "{7D6BC5FB-29C8-4CDA-833B-A906D08D1132}"
EndProject
Project("{9A19103F-16F7-4668-BE54-9A1E7A4F7556}") = "LINQ", "..\LINQ\LINQ.csproj", "{0DCBF7F1-8A3B-4755-99DE-1B7D31413A19}"
EndProject
Project("{FAE04EC0-301F-11D3-BF4B-00C04F79EFBC}") = "Database_Test", "..\Database_Test\Database_Test.csproj", "{10097A9C-9FFB-41E2-860E-0C87857A2B76}"
EndProject
Project("{FAE04EC0-301F-11D3-BF4B-00C04F79EFBC}") = "JSON Test", "..\JSON Test\JSON Test.csproj", "{52286DD7-4AC2-4AD2-8F32-EE1283E18663}"
EndProject
Global
	GlobalSection(SolutionConfigurationPlatforms) = preSolution
		Debug|Any CPU = Debug|Any CPU
		Debug|x64 = Debug|x64
		Debug|x86 = Debug|x86
		Release|Any CPU = Release|Any CPU
		Release|x64 = Release|x64
		Release|x86 = Release|x86
	EndGlobalSection
	GlobalSection(ProjectConfigurationPlatforms) = postSolution
		{2A529633-343D-43FF-BE59-22DA24AF47D2}.Debug|Any CPU.ActiveCfg = Debug|Any CPU
		{2A529633-343D-43FF-BE59-22DA24AF47D2}.Debug|Any CPU.Build.0 = Debug|Any CPU
		{2A529633-343D-43FF-BE59-22DA24AF47D2}.Debug|x64.ActiveCfg = Debug|Any CPU
		{2A529633-343D-43FF-BE59-22DA24AF47D2}.Debug|x64.Build.0 = Debug|Any CPU
		{2A529633-343D-43FF-BE59-22DA24AF47D2}.Debug|x86.ActiveCfg = Debug|Any CPU
		{2A529633-343D-43FF-BE59-22DA24AF47D2}.Debug|x86.Build.0 = Debug|Any CPU
		{2A529633-343D-43FF-BE59-22DA24AF47D2}.Release|Any CPU.ActiveCfg = Release|Any CPU
		{2A529633-343D-43FF-BE59-22DA24AF47D2}.Release|Any CPU.Build.0 = Release|Any CPU
		{2A529633-343D-43FF-BE59-22DA24AF47D2}.Release|x64.ActiveCfg = Release|Any CPU
		{2A529633-343D-43FF-BE59-22DA24AF47D2}.Release|x64.Build.0 = Release|Any CPU
		{2A529633-343D-43FF-BE59-22DA24AF47D2}.Release|x86.ActiveCfg = Release|Any CPU
		{2A529633-343D-43FF-BE59-22DA24AF47D2}.Release|x86.Build.0 = Release|Any CPU
		{F22E206C-80E7-4285-A3DA-CC7135884FFB}.Debug|Any CPU.ActiveCfg = Debug|Any CPU
		{F22E206C-80E7-4285-A3DA-CC7135884FFB}.Debug|Any CPU.Build.0 = Debug|Any CPU
		{F22E206C-80E7-4285-A3DA-CC7135884FFB}.Debug|x64.ActiveCfg = Debug|Any CPU
		{F22E206C-80E7-4285-A3DA-CC7135884FFB}.Debug|x64.Build.0 = Debug|Any CPU
		{F22E206C-80E7-4285-A3DA-CC7135884FFB}.Debug|x86.ActiveCfg = Debug|Any CPU
		{F22E206C-80E7-4285-A3DA-CC7135884FFB}.Debug|x86.Build.0 = Debug|Any CPU
		{F22E206C-80E7-4285-A3DA-CC7135884FFB}.Release|Any CPU.ActiveCfg = Release|Any CPU
		{F22E206C-80E7-4285-A3DA-CC7135884FFB}.Release|Any CPU.Build.0 = Release|Any CPU
		{F22E206C-80E7-4285-A3DA-CC7135884FFB}.Release|x64.ActiveCfg = Release|Any CPU
		{F22E206C-80E7-4285-A3DA-CC7135884FFB}.Release|x64.Build.0 = Release|Any CPU
		{F22E206C-80E7-4285-A3DA-CC7135884FFB}.Release|x86.ActiveCfg = Release|Any CPU
		{F22E206C-80E7-4285-A3DA-CC7135884FFB}.Release|x86.Build.0 = Release|Any CPU
		{1A7A85F7-A454-4567-AD2F-BDC6B3BE761D}.Debug|Any CPU.ActiveCfg = Debug|Any CPU
		{1A7A85F7-A454-4567-AD2F-BDC6B3BE761D}.Debug|Any CPU.Build.0 = Debug|Any CPU
		{1A7A85F7-A454-4567-AD2F-BDC6B3BE761D}.Debug|x64.ActiveCfg = Debug|Any CPU
		{1A7A85F7-A454-4567-AD2F-BDC6B3BE761D}.Debug|x64.Build.0 = Debug|Any CPU
		{1A7A85F7-A454-4567-AD2F-BDC6B3BE761D}.Debug|x86.ActiveCfg = Debug|Any CPU
		{1A7A85F7-A454-4567-AD2F-BDC6B3BE761D}.Debug|x86.Build.0 = Debug|Any CPU
		{1A7A85F7-A454-4567-AD2F-BDC6B3BE761D}.Release|Any CPU.ActiveCfg = Release|Any CPU
		{1A7A85F7-A454-4567-AD2F-BDC6B3BE761D}.Release|Any CPU.Build.0 = Release|Any CPU
		{1A7A85F7-A454-4567-AD2F-BDC6B3BE761D}.Release|x64.ActiveCfg = Release|Any CPU
		{1A7A85F7-A454-4567-AD2F-BDC6B3BE761D}.Release|x64.Build.0 = Release|Any CPU
		{1A7A85F7-A454-4567-AD2F-BDC6B3BE761D}.Release|x86.ActiveCfg = Release|Any CPU
		{1A7A85F7-A454-4567-AD2F-BDC6B3BE761D}.Release|x86.Build.0 = Release|Any CPU
		{58F49457-B6CA-4D14-8702-032B7136A51F}.Debug|Any CPU.ActiveCfg = Debug|Any CPU
		{58F49457-B6CA-4D14-8702-032B7136A51F}.Debug|Any CPU.Build.0 = Debug|Any CPU
		{58F49457-B6CA-4D14-8702-032B7136A51F}.Debug|x64.ActiveCfg = Debug|Any CPU
		{58F49457-B6CA-4D14-8702-032B7136A51F}.Debug|x64.Build.0 = Debug|Any CPU
		{58F49457-B6CA-4D14-8702-032B7136A51F}.Debug|x86.ActiveCfg = Debug|Any CPU
		{58F49457-B6CA-4D14-8702-032B7136A51F}.Debug|x86.Build.0 = Debug|Any CPU
		{58F49457-B6CA-4D14-8702-032B7136A51F}.Release|Any CPU.ActiveCfg = Release|Any CPU
		{58F49457-B6CA-4D14-8702-032B7136A51F}.Release|Any CPU.Build.0 = Release|Any CPU
		{58F49457-B6CA-4D14-8702-032B7136A51F}.Release|x64.ActiveCfg = Release|Any CPU
		{58F49457-B6CA-4D14-8702-032B7136A51F}.Release|x64.Build.0 = Release|Any CPU
		{58F49457-B6CA-4D14-8702-032B7136A51F}.Release|x86.ActiveCfg = Release|Any CPU
		{58F49457-B6CA-4D14-8702-032B7136A51F}.Release|x86.Build.0 = Release|Any CPU
		{E3DCF524-C8FE-40B3-86CF-6764E5A70B17}.Debug|Any CPU.ActiveCfg = Debug|Any CPU
		{E3DCF524-C8FE-40B3-86CF-6764E5A70B17}.Debug|Any CPU.Build.0 = Debug|Any CPU
		{E3DCF524-C8FE-40B3-86CF-6764E5A70B17}.Debug|x64.ActiveCfg = Debug|Any CPU
		{E3DCF524-C8FE-40B3-86CF-6764E5A70B17}.Debug|x64.Build.0 = Debug|Any CPU
		{E3DCF524-C8FE-40B3-86CF-6764E5A70B17}.Debug|x86.ActiveCfg = Debug|Any CPU
		{E3DCF524-C8FE-40B3-86CF-6764E5A70B17}.Debug|x86.Build.0 = Debug|Any CPU
		{E3DCF524-C8FE-40B3-86CF-6764E5A70B17}.Release|Any CPU.ActiveCfg = Release|Any CPU
		{E3DCF524-C8FE-40B3-86CF-6764E5A70B17}.Release|Any CPU.Build.0 = Release|Any CPU
		{E3DCF524-C8FE-40B3-86CF-6764E5A70B17}.Release|x64.ActiveCfg = Release|Any CPU
		{E3DCF524-C8FE-40B3-86CF-6764E5A70B17}.Release|x64.Build.0 = Release|Any CPU
		{E3DCF524-C8FE-40B3-86CF-6764E5A70B17}.Release|x86.ActiveCfg = Release|Any CPU
		{E3DCF524-C8FE-40B3-86CF-6764E5A70B17}.Release|x86.Build.0 = Release|Any CPU
		{DA7B8752-342D-4BF4-AB63-3EF631A7428E}.Debug|Any CPU.ActiveCfg = Debug|Any CPU
		{DA7B8752-342D-4BF4-AB63-3EF631A7428E}.Debug|Any CPU.Build.0 = Debug|Any CPU
		{DA7B8752-342D-4BF4-AB63-3EF631A7428E}.Debug|x64.ActiveCfg = Debug|Any CPU
		{DA7B8752-342D-4BF4-AB63-3EF631A7428E}.Debug|x64.Build.0 = Debug|Any CPU
		{DA7B8752-342D-4BF4-AB63-3EF631A7428E}.Debug|x86.ActiveCfg = Debug|Any CPU
		{DA7B8752-342D-4BF4-AB63-3EF631A7428E}.Debug|x86.Build.0 = Debug|Any CPU
		{DA7B8752-342D-4BF4-AB63-3EF631A7428E}.Release|Any CPU.ActiveCfg = Release|Any CPU
		{DA7B8752-342D-4BF4-AB63-3EF631A7428E}.Release|Any CPU.Build.0 = Release|Any CPU
		{DA7B8752-342D-4BF4-AB63-3EF631A7428E}.Release|x64.ActiveCfg = Release|Any CPU
		{DA7B8752-342D-4BF4-AB63-3EF631A7428E}.Release|x64.Build.0 = Release|Any CPU
		{DA7B8752-342D-4BF4-AB63-3EF631A7428E}.Release|x86.ActiveCfg = Release|Any CPU
		{DA7B8752-342D-4BF4-AB63-3EF631A7428E}.Release|x86.Build.0 = Release|Any CPU
		{44A4ABB1-5C75-426B-BA3B-9EC9A3046B18}.Debug|Any CPU.ActiveCfg = Debug|Any CPU
		{44A4ABB1-5C75-426B-BA3B-9EC9A3046B18}.Debug|Any CPU.Build.0 = Debug|Any CPU
		{44A4ABB1-5C75-426B-BA3B-9EC9A3046B18}.Debug|x64.ActiveCfg = Debug|Any CPU
		{44A4ABB1-5C75-426B-BA3B-9EC9A3046B18}.Debug|x64.Build.0 = Debug|Any CPU
		{44A4ABB1-5C75-426B-BA3B-9EC9A3046B18}.Debug|x86.ActiveCfg = Debug|Any CPU
		{44A4ABB1-5C75-426B-BA3B-9EC9A3046B18}.Debug|x86.Build.0 = Debug|Any CPU
		{44A4ABB1-5C75-426B-BA3B-9EC9A3046B18}.Release|Any CPU.ActiveCfg = Release|Any CPU
		{44A4ABB1-5C75-426B-BA3B-9EC9A3046B18}.Release|Any CPU.Build.0 = Release|Any CPU
		{44A4ABB1-5C75-426B-BA3B-9EC9A3046B18}.Release|x64.ActiveCfg = Release|Any CPU
		{44A4ABB1-5C75-426B-BA3B-9EC9A3046B18}.Release|x64.Build.0 = Release|Any CPU
		{44A4ABB1-5C75-426B-BA3B-9EC9A3046B18}.Release|x86.ActiveCfg = Release|Any CPU
		{44A4ABB1-5C75-426B-BA3B-9EC9A3046B18}.Release|x86.Build.0 = Release|Any CPU
		{EEF6CDE1-0FB9-4E23-9F8B-D98BE6EC4212}.Debug|Any CPU.ActiveCfg = Debug|Any CPU
		{EEF6CDE1-0FB9-4E23-9F8B-D98BE6EC4212}.Debug|Any CPU.Build.0 = Debug|Any CPU
		{EEF6CDE1-0FB9-4E23-9F8B-D98BE6EC4212}.Debug|x64.ActiveCfg = Debug|Any CPU
		{EEF6CDE1-0FB9-4E23-9F8B-D98BE6EC4212}.Debug|x64.Build.0 = Debug|Any CPU
		{EEF6CDE1-0FB9-4E23-9F8B-D98BE6EC4212}.Debug|x86.ActiveCfg = Debug|Any CPU
		{EEF6CDE1-0FB9-4E23-9F8B-D98BE6EC4212}.Debug|x86.Build.0 = Debug|Any CPU
		{EEF6CDE1-0FB9-4E23-9F8B-D98BE6EC4212}.Release|Any CPU.ActiveCfg = Release|Any CPU
		{EEF6CDE1-0FB9-4E23-9F8B-D98BE6EC4212}.Release|Any CPU.Build.0 = Release|Any CPU
		{EEF6CDE1-0FB9-4E23-9F8B-D98BE6EC4212}.Release|x64.ActiveCfg = Release|Any CPU
		{EEF6CDE1-0FB9-4E23-9F8B-D98BE6EC4212}.Release|x64.Build.0 = Release|Any CPU
		{EEF6CDE1-0FB9-4E23-9F8B-D98BE6EC4212}.Release|x86.ActiveCfg = Release|Any CPU
		{EEF6CDE1-0FB9-4E23-9F8B-D98BE6EC4212}.Release|x86.Build.0 = Release|Any CPU
		{C4B88A25-6FFD-4210-BDD6-5677230283BD}.Debug|Any CPU.ActiveCfg = Debug|Any CPU
		{C4B88A25-6FFD-4210-BDD6-5677230283BD}.Debug|Any CPU.Build.0 = Debug|Any CPU
		{C4B88A25-6FFD-4210-BDD6-5677230283BD}.Debug|x64.ActiveCfg = Debug|Any CPU
		{C4B88A25-6FFD-4210-BDD6-5677230283BD}.Debug|x64.Build.0 = Debug|Any CPU
		{C4B88A25-6FFD-4210-BDD6-5677230283BD}.Debug|x86.ActiveCfg = Debug|Any CPU
		{C4B88A25-6FFD-4210-BDD6-5677230283BD}.Debug|x86.Build.0 = Debug|Any CPU
		{C4B88A25-6FFD-4210-BDD6-5677230283BD}.Release|Any CPU.ActiveCfg = Release|Any CPU
		{C4B88A25-6FFD-4210-BDD6-5677230283BD}.Release|Any CPU.Build.0 = Release|Any CPU
		{C4B88A25-6FFD-4210-BDD6-5677230283BD}.Release|x64.ActiveCfg = Release|Any CPU
		{C4B88A25-6FFD-4210-BDD6-5677230283BD}.Release|x64.Build.0 = Release|Any CPU
		{C4B88A25-6FFD-4210-BDD6-5677230283BD}.Release|x86.ActiveCfg = Release|Any CPU
		{C4B88A25-6FFD-4210-BDD6-5677230283BD}.Release|x86.Build.0 = Release|Any CPU
		{2D86C88C-6D88-4F6E-8F37-DCA258E75A24}.Debug|Any CPU.ActiveCfg = Debug|Any CPU
		{2D86C88C-6D88-4F6E-8F37-DCA258E75A24}.Debug|Any CPU.Build.0 = Debug|Any CPU
		{2D86C88C-6D88-4F6E-8F37-DCA258E75A24}.Debug|x64.ActiveCfg = Debug|Any CPU
		{2D86C88C-6D88-4F6E-8F37-DCA258E75A24}.Debug|x64.Build.0 = Debug|Any CPU
		{2D86C88C-6D88-4F6E-8F37-DCA258E75A24}.Debug|x86.ActiveCfg = Debug|Any CPU
		{2D86C88C-6D88-4F6E-8F37-DCA258E75A24}.Debug|x86.Build.0 = Debug|Any CPU
		{2D86C88C-6D88-4F6E-8F37-DCA258E75A24}.Release|Any CPU.ActiveCfg = Release|Any CPU
		{2D86C88C-6D88-4F6E-8F37-DCA258E75A24}.Release|Any CPU.Build.0 = Release|Any CPU
		{2D86C88C-6D88-4F6E-8F37-DCA258E75A24}.Release|x64.ActiveCfg = Release|Any CPU
		{2D86C88C-6D88-4F6E-8F37-DCA258E75A24}.Release|x64.Build.0 = Release|Any CPU
		{2D86C88C-6D88-4F6E-8F37-DCA258E75A24}.Release|x86.ActiveCfg = Release|Any CPU
		{2D86C88C-6D88-4F6E-8F37-DCA258E75A24}.Release|x86.Build.0 = Release|Any CPU
		{1BBCAFB8-1742-4EE2-BF90-7BC61F77E4AC}.Debug|Any CPU.ActiveCfg = Debug|Any CPU
		{1BBCAFB8-1742-4EE2-BF90-7BC61F77E4AC}.Debug|Any CPU.Build.0 = Debug|Any CPU
		{1BBCAFB8-1742-4EE2-BF90-7BC61F77E4AC}.Debug|x64.ActiveCfg = Debug|Any CPU
		{1BBCAFB8-1742-4EE2-BF90-7BC61F77E4AC}.Debug|x64.Build.0 = Debug|Any CPU
		{1BBCAFB8-1742-4EE2-BF90-7BC61F77E4AC}.Debug|x86.ActiveCfg = Debug|Any CPU
		{1BBCAFB8-1742-4EE2-BF90-7BC61F77E4AC}.Debug|x86.Build.0 = Debug|Any CPU
		{1BBCAFB8-1742-4EE2-BF90-7BC61F77E4AC}.Release|Any CPU.ActiveCfg = Release|Any CPU
		{1BBCAFB8-1742-4EE2-BF90-7BC61F77E4AC}.Release|Any CPU.Build.0 = Release|Any CPU
		{1BBCAFB8-1742-4EE2-BF90-7BC61F77E4AC}.Release|x64.ActiveCfg = Release|Any CPU
		{1BBCAFB8-1742-4EE2-BF90-7BC61F77E4AC}.Release|x64.Build.0 = Release|Any CPU
		{1BBCAFB8-1742-4EE2-BF90-7BC61F77E4AC}.Release|x86.ActiveCfg = Release|Any CPU
		{1BBCAFB8-1742-4EE2-BF90-7BC61F77E4AC}.Release|x86.Build.0 = Release|Any CPU
		{71962B4A-6755-4042-9884-C7ED98469074}.Debug|Any CPU.ActiveCfg = Debug|Any CPU
		{71962B4A-6755-4042-9884-C7ED98469074}.Debug|Any CPU.Build.0 = Debug|Any CPU
		{71962B4A-6755-4042-9884-C7ED98469074}.Debug|x64.ActiveCfg = Debug|Any CPU
		{71962B4A-6755-4042-9884-C7ED98469074}.Debug|x64.Build.0 = Debug|Any CPU
		{71962B4A-6755-4042-9884-C7ED98469074}.Debug|x86.ActiveCfg = Debug|Any CPU
		{71962B4A-6755-4042-9884-C7ED98469074}.Debug|x86.Build.0 = Debug|Any CPU
		{71962B4A-6755-4042-9884-C7ED98469074}.Release|Any CPU.ActiveCfg = Release|Any CPU
		{71962B4A-6755-4042-9884-C7ED98469074}.Release|Any CPU.Build.0 = Release|Any CPU
		{71962B4A-6755-4042-9884-C7ED98469074}.Release|x64.ActiveCfg = Release|Any CPU
		{71962B4A-6755-4042-9884-C7ED98469074}.Release|x64.Build.0 = Release|Any CPU
		{71962B4A-6755-4042-9884-C7ED98469074}.Release|x86.ActiveCfg = Release|Any CPU
		{71962B4A-6755-4042-9884-C7ED98469074}.Release|x86.Build.0 = Release|Any CPU
		{7D6BC5FB-29C8-4CDA-833B-A906D08D1132}.Debug|Any CPU.ActiveCfg = Debug|Any CPU
		{7D6BC5FB-29C8-4CDA-833B-A906D08D1132}.Debug|Any CPU.Build.0 = Debug|Any CPU
		{7D6BC5FB-29C8-4CDA-833B-A906D08D1132}.Debug|x64.ActiveCfg = Debug|Any CPU
		{7D6BC5FB-29C8-4CDA-833B-A906D08D1132}.Debug|x64.Build.0 = Debug|Any CPU
		{7D6BC5FB-29C8-4CDA-833B-A906D08D1132}.Debug|x86.ActiveCfg = Debug|Any CPU
		{7D6BC5FB-29C8-4CDA-833B-A906D08D1132}.Debug|x86.Build.0 = Debug|Any CPU
		{7D6BC5FB-29C8-4CDA-833B-A906D08D1132}.Release|Any CPU.ActiveCfg = Release|Any CPU
		{7D6BC5FB-29C8-4CDA-833B-A906D08D1132}.Release|Any CPU.Build.0 = Release|Any CPU
		{7D6BC5FB-29C8-4CDA-833B-A906D08D1132}.Release|x64.ActiveCfg = Release|Any CPU
		{7D6BC5FB-29C8-4CDA-833B-A906D08D1132}.Release|x64.Build.0 = Release|Any CPU
		{7D6BC5FB-29C8-4CDA-833B-A906D08D1132}.Release|x86.ActiveCfg = Release|Any CPU
		{7D6BC5FB-29C8-4CDA-833B-A906D08D1132}.Release|x86.Build.0 = Release|Any CPU
		{0DCBF7F1-8A3B-4755-99DE-1B7D31413A19}.Debug|Any CPU.ActiveCfg = Debug|Any CPU
		{0DCBF7F1-8A3B-4755-99DE-1B7D31413A19}.Debug|Any CPU.Build.0 = Debug|Any CPU
		{0DCBF7F1-8A3B-4755-99DE-1B7D31413A19}.Debug|x64.ActiveCfg = Debug|Any CPU
		{0DCBF7F1-8A3B-4755-99DE-1B7D31413A19}.Debug|x64.Build.0 = Debug|Any CPU
		{0DCBF7F1-8A3B-4755-99DE-1B7D31413A19}.Debug|x86.ActiveCfg = Debug|Any CPU
		{0DCBF7F1-8A3B-4755-99DE-1B7D31413A19}.Debug|x86.Build.0 = Debug|Any CPU
		{0DCBF7F1-8A3B-4755-99DE-1B7D31413A19}.Release|Any CPU.ActiveCfg = Release|Any CPU
		{0DCBF7F1-8A3B-4755-99DE-1B7D31413A19}.Release|Any CPU.Build.0 = Release|Any CPU
		{0DCBF7F1-8A3B-4755-99DE-1B7D31413A19}.Release|x64.ActiveCfg = Release|Any CPU
		{0DCBF7F1-8A3B-4755-99DE-1B7D31413A19}.Release|x64.Build.0 = Release|Any CPU
		{0DCBF7F1-8A3B-4755-99DE-1B7D31413A19}.Release|x86.ActiveCfg = Release|Any CPU
		{0DCBF7F1-8A3B-4755-99DE-1B7D31413A19}.Release|x86.Build.0 = Release|Any CPU
		{10097A9C-9FFB-41E2-860E-0C87857A2B76}.Debug|Any CPU.ActiveCfg = Debug|Any CPU
		{10097A9C-9FFB-41E2-860E-0C87857A2B76}.Debug|Any CPU.Build.0 = Debug|Any CPU
		{10097A9C-9FFB-41E2-860E-0C87857A2B76}.Debug|x64.ActiveCfg = Debug|Any CPU
		{10097A9C-9FFB-41E2-860E-0C87857A2B76}.Debug|x64.Build.0 = Debug|Any CPU
		{10097A9C-9FFB-41E2-860E-0C87857A2B76}.Debug|x86.ActiveCfg = Debug|Any CPU
		{10097A9C-9FFB-41E2-860E-0C87857A2B76}.Debug|x86.Build.0 = Debug|Any CPU
		{10097A9C-9FFB-41E2-860E-0C87857A2B76}.Release|Any CPU.ActiveCfg = Release|Any CPU
		{10097A9C-9FFB-41E2-860E-0C87857A2B76}.Release|Any CPU.Build.0 = Release|Any CPU
		{10097A9C-9FFB-41E2-860E-0C87857A2B76}.Release|x64.ActiveCfg = Release|Any CPU
		{10097A9C-9FFB-41E2-860E-0C87857A2B76}.Release|x64.Build.0 = Release|Any CPU
		{10097A9C-9FFB-41E2-860E-0C87857A2B76}.Release|x86.ActiveCfg = Release|Any CPU
		{10097A9C-9FFB-41E2-860E-0C87857A2B76}.Release|x86.Build.0 = Release|Any CPU
		{52286DD7-4AC2-4AD2-8F32-EE1283E18663}.Debug|Any CPU.ActiveCfg = Debug|Any CPU
		{52286DD7-4AC2-4AD2-8F32-EE1283E18663}.Debug|Any CPU.Build.0 = Debug|Any CPU
		{52286DD7-4AC2-4AD2-8F32-EE1283E18663}.Debug|x64.ActiveCfg = Debug|Any CPU
		{52286DD7-4AC2-4AD2-8F32-EE1283E18663}.Debug|x64.Build.0 = Debug|Any CPU
		{52286DD7-4AC2-4AD2-8F32-EE1283E18663}.Debug|x86.ActiveCfg = Debug|Any CPU
		{52286DD7-4AC2-4AD2-8F32-EE1283E18663}.Debug|x86.Build.0 = Debug|Any CPU
		{52286DD7-4AC2-4AD2-8F32-EE1283E18663}.Release|Any CPU.ActiveCfg = Release|Any CPU
		{52286DD7-4AC2-4AD2-8F32-EE1283E18663}.Release|Any CPU.Build.0 = Release|Any CPU
		{52286DD7-4AC2-4AD2-8F32-EE1283E18663}.Release|x64.ActiveCfg = Release|Any CPU
		{52286DD7-4AC2-4AD2-8F32-EE1283E18663}.Release|x64.Build.0 = Release|Any CPU
		{52286DD7-4AC2-4AD2-8F32-EE1283E18663}.Release|x86.ActiveCfg = Release|Any CPU
		{52286DD7-4AC2-4AD2-8F32-EE1283E18663}.Release|x86.Build.0 = Release|Any CPU
	EndGlobalSection
	GlobalSection(SolutionProperties) = preSolution
		HideSolutionNode = FALSE
	EndGlobalSection
	GlobalSection(NestedProjects) = preSolution
		{2A529633-343D-43FF-BE59-22DA24AF47D2} = {486FE772-B235-4778-9E3E-DB0E776A00F9}
		{F22E206C-80E7-4285-A3DA-CC7135884FFB} = {61F12C64-C063-4619-A6B9-3DE59308B1BD}
		{1A7A85F7-A454-4567-AD2F-BDC6B3BE761D} = {4C924B25-976B-46F6-87AC-A9DF6D40C80E}
	EndGlobalSection
	GlobalSection(ExtensibilityGlobals) = postSolution
		SolutionGuid = {A636ABDE-CAA3-445B-8C73-C48FE451A6B8}
	EndGlobalSection
EndGlobal
